
Microsoft Visual Studio Solution File, Format Version 12.00
# Visual Studio Version 18
VisualStudioVersion = 18.5.11723.231 stable
MinimumVisualStudioVersion = 10.0.40219.1
Project("{FAE04EC0-301F-11D3-BF4B-00C04F79EFBC}") = "RpaBot", "RpaBot.csproj", "{649C8411-BDF5-CBF5-B40A-0BA55345C167}"
EndProject
Global
	GlobalSection(SolutionConfigurationPlatforms) = preSolution
		Debug|Any CPU = Debug|Any CPU
		Release|Any CPU = Release|Any CPU
	EndGlobalSection
	GlobalSection(ProjectConfigurationPlatforms) = postSolution
		{649C8411-BDF5-CBF5-B40A-0BA55345C167}.Debug|Any CPU.ActiveCfg = Debug|Any CPU
		{649C8411-BDF5-CBF5-B40A-0BA55345C167}.Debug|Any CPU.Build.0 = Debug|Any CPU
		{649C8411-BDF5-CBF5-B40A-0BA55345C167}.Release|Any CPU.ActiveCfg = Release|Any CPU
		{649C8411-BDF5-CBF5-B40A-0BA55345C167}.Release|Any CPU.Build.0 = Release|Any CPU
	EndGlobalSection
	GlobalSection(SolutionProperties) = preSolution
		HideSolutionNode = FALSE
	EndGlobalSection
	GlobalSection(ExtensibilityGlobals) = postSolution
		SolutionGuid = {A112883B-ECB3-4553-B670-08180B8567B3}
	EndGlobalSection
EndGlobal
